
Microsoft Visual Studio Solution File, Format Version 12.00
# Visual Studio Version 16
VisualStudioVersion = 16.0.32407.337
MinimumVisualStudioVersion = 10.0.40219.1
Project("{8BC9CEB8-8B4A-11D0-8D11-00A0C91BC942}") = "作业7", "作业7\作业7.vcxproj", "{1221156E-2C38-48DD-B682-342C98475D5E}"
EndProject
Global
	GlobalSection(SolutionConfigurationPlatforms) = preSolution
		Debug|x64 = Debug|x64
		Debug|x86 = Debug|x86
		Release|x64 = Release|x64
		Release|x86 = Release|x86
	EndGlobalSection
	GlobalSection(ProjectConfigurationPlatforms) = postSolution
		{1221156E-2C38-48DD-B682-342C98475D5E}.Debug|x64.ActiveCfg = Debug|x64
		{1221156E-2C38-48DD-B682-342C98475D5E}.Debug|x64.Build.0 = Debug|x64
		{1221156E-2C38-48DD-B682-342C98475D5E}.Debug|x86.ActiveCfg = Debug|Win32
		{1221156E-2C38-48DD-B682-342C98475D5E}.Debug|x86.Build.0 = Debug|Win32
		{1221156E-2C38-48DD-B682-342C98475D5E}.Release|x64.ActiveCfg = Release|x64
		{1221156E-2C38-48DD-B682-342C98475D5E}.Release|x64.Build.0 = Release|x64
		{1221156E-2C38-48DD-B682-342C98475D5E}.Release|x86.ActiveCfg = Release|Win32
		{1221156E-2C38-48DD-B682-342C98475D5E}.Release|x86.Build.0 = Release|Win32
	EndGlobalSection
	GlobalSection(SolutionProperties) = preSolution
		HideSolutionNode = FALSE
	EndGlobalSection
	GlobalSection(ExtensibilityGlobals) = postSolution
		SolutionGuid = {6314BADD-ECB6-466C-BBC2-4B1B75AAA616}
	EndGlobalSection
EndGlobal
