
Microsoft Visual Studio Solution File, Format Version 12.00
# Visual Studio Version 16
VisualStudioVersion = 16.0.31911.196
MinimumVisualStudioVersion = 10.0.40219.1
Project("{8BC9CEB8-8B4A-11D0-8D11-00A0C91BC942}") = "应用类实现点的显示与计算距离", "应用类实现点的显示与计算距离\应用类实现点的显示与计算距离.vcxproj", "{78EE4DBB-AF93-44BC-83D3-D512D7458A63}"
EndProject
Global
	GlobalSection(SolutionConfigurationPlatforms) = preSolution
		Debug|x64 = Debug|x64
		Debug|x86 = Debug|x86
		Release|x64 = Release|x64
		Release|x86 = Release|x86
	EndGlobalSection
	GlobalSection(ProjectConfigurationPlatforms) = postSolution
		{78EE4DBB-AF93-44BC-83D3-D512D7458A63}.Debug|x64.ActiveCfg = Debug|x64
		{78EE4DBB-AF93-44BC-83D3-D512D7458A63}.Debug|x64.Build.0 = Debug|x64
		{78EE4DBB-AF93-44BC-83D3-D512D7458A63}.Debug|x86.ActiveCfg = Debug|Win32
		{78EE4DBB-AF93-44BC-83D3-D512D7458A63}.Debug|x86.Build.0 = Debug|Win32
		{78EE4DBB-AF93-44BC-83D3-D512D7458A63}.Release|x64.ActiveCfg = Release|x64
		{78EE4DBB-AF93-44BC-83D3-D512D7458A63}.Release|x64.Build.0 = Release|x64
		{78EE4DBB-AF93-44BC-83D3-D512D7458A63}.Release|x86.ActiveCfg = Release|Win32
		{78EE4DBB-AF93-44BC-83D3-D512D7458A63}.Release|x86.Build.0 = Release|Win32
	EndGlobalSection
	GlobalSection(SolutionProperties) = preSolution
		HideSolutionNode = FALSE
	EndGlobalSection
	GlobalSection(ExtensibilityGlobals) = postSolution
		SolutionGuid = {6DD888EF-0780-4F8E-9764-0119ADB01E22}
	EndGlobalSection
EndGlobal
