
Microsoft Visual Studio Solution File, Format Version 12.00
# Visual Studio Version 16
VisualStudioVersion = 16.0.31911.196
MinimumVisualStudioVersion = 10.0.40219.1
Project("{8BC9CEB8-8B4A-11D0-8D11-00A0C91BC942}") = "拷贝函数", "拷贝函数\拷贝函数.vcxproj", "{889FE3B7-9234-4BE2-967A-F8FC629F6186}"
EndProject
Global
	GlobalSection(SolutionConfigurationPlatforms) = preSolution
		Debug|x64 = Debug|x64
		Debug|x86 = Debug|x86
		Release|x64 = Release|x64
		Release|x86 = Release|x86
	EndGlobalSection
	GlobalSection(ProjectConfigurationPlatforms) = postSolution
		{889FE3B7-9234-4BE2-967A-F8FC629F6186}.Debug|x64.ActiveCfg = Debug|x64
		{889FE3B7-9234-4BE2-967A-F8FC629F6186}.Debug|x64.Build.0 = Debug|x64
		{889FE3B7-9234-4BE2-967A-F8FC629F6186}.Debug|x86.ActiveCfg = Debug|Win32
		{889FE3B7-9234-4BE2-967A-F8FC629F6186}.Debug|x86.Build.0 = Debug|Win32
		{889FE3B7-9234-4BE2-967A-F8FC629F6186}.Release|x64.ActiveCfg = Release|x64
		{889FE3B7-9234-4BE2-967A-F8FC629F6186}.Release|x64.Build.0 = Release|x64
		{889FE3B7-9234-4BE2-967A-F8FC629F6186}.Release|x86.ActiveCfg = Release|Win32
		{889FE3B7-9234-4BE2-967A-F8FC629F6186}.Release|x86.Build.0 = Release|Win32
	EndGlobalSection
	GlobalSection(SolutionProperties) = preSolution
		HideSolutionNode = FALSE
	EndGlobalSection
	GlobalSection(ExtensibilityGlobals) = postSolution
		SolutionGuid = {ADD963F4-F27F-4818-B902-9F2BF4F56D82}
	EndGlobalSection
EndGlobal
